
Microsoft Visual Studio Solution File, Format Version 12.00
# Visual Studio Version 16
VisualStudioVersion = 16.0.29509.3
MinimumVisualStudioVersion = 10.0.40219.1
Project("{FAE04EC0-301F-11D3-BF4B-00C04F79EFBC}") = "OnlineStoreScraper", "OnlineStoreScraper.csproj", "{B20E40BC-F662-4C16-BDA6-FBD2642491F0}"
EndProject
Global
	GlobalSection(SolutionConfigurationPlatforms) = preSolution
		Debug|Any CPU = Debug|Any CPU
		Release|Any CPU = Release|Any CPU
	EndGlobalSection
	GlobalSection(ProjectConfigurationPlatforms) = postSolution
		{B20E40BC-F662-4C16-BDA6-FBD2642491F0}.Debug|Any CPU.ActiveCfg = Debug|Any CPU
		{B20E40BC-F662-4C16-BDA6-FBD2642491F0}.Debug|Any CPU.Build.0 = Debug|Any CPU
		{B20E40BC-F662-4C16-BDA6-FBD2642491F0}.Release|Any CPU.ActiveCfg = Release|Any CPU
		{B20E40BC-F662-4C16-BDA6-FBD2642491F0}.Release|Any CPU.Build.0 = Release|Any CPU
	EndGlobalSection
	GlobalSection(SolutionProperties) = preSolution
		HideSolutionNode = FALSE
	EndGlobalSection
	GlobalSection(ExtensibilityGlobals) = postSolution
		SolutionGuid = {3F1B0FCF-E07F-4C10-B5CE-96FF045ECBC7}
	EndGlobalSection
EndGlobal
